
Microsoft Visual Studio Solution File, Format Version 12.00
# Visual Studio Version 17
VisualStudioVersion = 17.12.35521.163 d17.12
MinimumVisualStudioVersion = 10.0.40219.1
Project("{FAE04EC0-301F-11D3-BF4B-00C04F79EFBC}") = "HotelProject", "HotelProject\HotelProject.csproj", "{02512D8D-2EF9-4891-8DE8-77539D6B1752}"
EndProject
Project("{FAE04EC0-301F-11D3-BF4B-00C04F79EFBC}") = "TestHotel", "TestHotel\TestHotel.csproj", "{17A9DEE5-DBCF-428A-8C34-77B0E31FB6F0}"
EndProject
Global
	GlobalSection(SolutionConfigurationPlatforms) = preSolution
		Debug|Any CPU = Debug|Any CPU
		Release|Any CPU = Release|Any CPU
	EndGlobalSection
	GlobalSection(ProjectConfigurationPlatforms) = postSolution
		{02512D8D-2EF9-4891-8DE8-77539D6B1752}.Debug|Any CPU.ActiveCfg = Debug|Any CPU
		{02512D8D-2EF9-4891-8DE8-77539D6B1752}.Debug|Any CPU.Build.0 = Debug|Any CPU
		{02512D8D-2EF9-4891-8DE8-77539D6B1752}.Release|Any CPU.ActiveCfg = Release|Any CPU
		{02512D8D-2EF9-4891-8DE8-77539D6B1752}.Release|Any CPU.Build.0 = Release|Any CPU
		{17A9DEE5-DBCF-428A-8C34-77B0E31FB6F0}.Debug|Any CPU.ActiveCfg = Debug|Any CPU
		{17A9DEE5-DBCF-428A-8C34-77B0E31FB6F0}.Debug|Any CPU.Build.0 = Debug|Any CPU
		{17A9DEE5-DBCF-428A-8C34-77B0E31FB6F0}.Release|Any CPU.ActiveCfg = Release|Any CPU
		{17A9DEE5-DBCF-428A-8C34-77B0E31FB6F0}.Release|Any CPU.Build.0 = Release|Any CPU
	EndGlobalSection
	GlobalSection(SolutionProperties) = preSolution
		HideSolutionNode = FALSE
	EndGlobalSection
EndGlobal
